
Microsoft Visual Studio Solution File, Format Version 12.00
# Visual Studio Version 17
VisualStudioVersion = 17.11.35312.102
MinimumVisualStudioVersion = 10.0.40219.1
Project("{FAE04EC0-301F-11D3-BF4B-00C04F79EFBC}") = "BattleFight", "BattleFight.csproj", "{5E96ADC9-09D7-4438-8983-26537588FACC}"
EndProject
Global
	GlobalSection(SolutionConfigurationPlatforms) = preSolution
		Debug|Any CPU = Debug|Any CPU
		Release|Any CPU = Release|Any CPU
	EndGlobalSection
	GlobalSection(ProjectConfigurationPlatforms) = postSolution
		{5E96ADC9-09D7-4438-8983-26537588FACC}.Debug|Any CPU.ActiveCfg = Debug|Any CPU
		{5E96ADC9-09D7-4438-8983-26537588FACC}.Debug|Any CPU.Build.0 = Debug|Any CPU
		{5E96ADC9-09D7-4438-8983-26537588FACC}.Release|Any CPU.ActiveCfg = Release|Any CPU
		{5E96ADC9-09D7-4438-8983-26537588FACC}.Release|Any CPU.Build.0 = Release|Any CPU
	EndGlobalSection
	GlobalSection(SolutionProperties) = preSolution
		HideSolutionNode = FALSE
	EndGlobalSection
	GlobalSection(ExtensibilityGlobals) = postSolution
		SolutionGuid = {C751BF7B-A4D7-409F-9B96-D6E19EECFD8C}
	EndGlobalSection
EndGlobal
